PODS:
  - AsyncSwift (1.7.2)
  - FileKit (2.0.0)
  - Interstellar (1.4.0):
    - Interstellar/Core (= 1.4.0)
    - Interstellar/Warpdrive (= 1.4.0)
  - Interstellar/Core (1.4.0)
  - Interstellar/Warpdrive (1.4.0):
    - Interstellar/Core
  - Nimble (4.0.0)
  - PXSourceList (2.0.7)
  - Quick (0.9.1)

DEPENDENCIES:
  - AsyncSwift
  - FileKit
  - Interstellar
  - Nimble
  - PXSourceList
  - Quick

SPEC CHECKSUMS:
  AsyncSwift: 46a78bceb11f0e5bb52747f740d9692ec78d2d7c
  FileKit: fd360f82f62a1f70dd2ccdbe0950d3a6d1e25d1d
  Interstellar: 40fc666872436d6c1b3524c59437ebdb5dec1c6a
  Nimble: 72bcc3e2f02242e6bfaaf8d9412ca7bfe3d8b417
  PXSourceList: 8e37978a5db6c8d8d255f8913603bcea322c6445
  Quick: a5221fc21788b6aeda934805e68b061839bc3165

PODFILE CHECKSUM: a9b50005461c9a49d1dca176a558f21fd8b28de5

COCOAPODS: 1.0.0.beta.8
